// !$*UTF8*$!
{
	archiveVersion = 1;
	classes = {
	};
	objectVersion = 50;
	objects = {

/* Begin PBXBuildFile section */
		1A483CF922C17DAE002D0F32 /* AppDelegate.m in Sources */ = {isa = PBXBuildFile; fileRef = 1A483CF822C17DAE002D0F32 /* AppDelegate.m */; };
		1A483CFE22C17DAE002D0F32 /* Assets.xcassets in Resources */ = {isa = PBXBuildFile; fileRef = 1A483CFD22C17DAE002D0F32 /* Assets.xcassets */; };
		1A483D0122C17DAE002D0F32 /* Main.storyboard in Resources */ = {isa = PBXBuildFile; fileRef = 1A483CFF22C17DAE002D0F32 /* Main.storyboard */; };
		1A483D0422C17DAE002D0F32 /* main.m in Sources */ = {isa = PBXBuildFile; fileRef = 1A483D0322C17DAE002D0F32 /* main.m */; };
		1A483D1A22C17DD5002D0F32 /* BasicTest.m in Sources */ = {isa = PBXBuildFile; fileRef = 1A483D1922C17DD5002D0F32 /* BasicTest.m */; };
		1A483D1D22C17DF5002D0F32 /* CouchbaseLite.framework in Frameworks */ = {isa = PBXBuildFile; fileRef = 1A483D1C22C17DF5002D0F32 /* CouchbaseLite.framework */; };
		1A483D1E22C17E30002D0F32 /* CouchbaseLite.framework in Frameworks */ = {isa = PBXBuildFile; fileRef = 1A483D1C22C17DF5002D0F32 /* CouchbaseLite.framework */; };
		1A483D1F22C17E30002D0F32 /* CouchbaseLite.framework in Embed Frameworks */ = {isa = PBXBuildFile; fileRef = 1A483D1C22C17DF5002D0F32 /* CouchbaseLite.framework */; settings = {ATTRIBUTES = (CodeSignOnCopy, RemoveHeadersOnCopy, ); }; };
/* End PBXBuildFile section */

/* Begin PBXContainerItemProxy section */
		1A483D0B22C17DAE002D0F32 /* PBXContainerItemProxy */ = {
			isa = PBXContainerItemProxy;
			containerPortal = 1A483CEC22C17DAE002D0F32 /* Project object */;
			proxyType = 1;
			remoteGlobalIDString = 1A483CF322C17DAE002D0F32;
			remoteInfo = "ReleaseVerify-MacOS-ObjC";
		};
/* End PBXContainerItemProxy section */

/* Begin PBXCopyFilesBuildPhase section */
		1A483D2022C17E30002D0F32 /* Embed Frameworks */ = {
			isa = PBXCopyFilesBuildPhase;
			buildActionMask = 2147483647;
			dstPath = "";
			dstSubfolderSpec = 10;
			files = (
				1A483D1F22C17E30002D0F32 /* CouchbaseLite.framework in Embed Frameworks */,
			);
			name = "Embed Frameworks";
			runOnlyForDeploymentPostprocessing = 0;
		};
/* End PBXCopyFilesBuildPhase section */

/* Begin PBXFileReference section */
		1A483CF422C17DAE002D0F32 /* ReleaseVerify-macos-objc.app */ = {isa = PBXFileReference; explicitFileType = wrapper.application; includeInIndex = 0; path = "ReleaseVerify-macos-objc.app"; sourceTree = BUILT_PRODUCTS_DIR; };
		1A483CF722C17DAE002D0F32 /* AppDelegate.h */ = {isa = PBXFileReference; lastKnownFileType = sourcecode.c.h; path = AppDelegate.h; sourceTree = "<group>"; };
		1A483CF822C17DAE002D0F32 /* AppDelegate.m */ = {isa = PBXFileReference; lastKnownFileType = sourcecode.c.objc; path = AppDelegate.m; sourceTree = "<group>"; };
		1A483CFD22C17DAE002D0F32 /* Assets.xcassets */ = {isa = PBXFileReference; lastKnownFileType = folder.assetcatalog; path = Assets.xcassets; sourceTree = "<group>"; };
		1A483D0022C17DAE002D0F32 /* Base */ = {isa = PBXFileReference; lastKnownFileType = file.storyboard; name = Base; path = Base.lproj/Main.storyboard; sourceTree = "<group>"; };
		1A483D0222C17DAE002D0F32 /* Info.plist */ = {isa = PBXFileReference; lastKnownFileType = text.plist.xml; path = Info.plist; sourceTree = "<group>"; };
		1A483D0322C17DAE002D0F32 /* main.m */ = {isa = PBXFileReference; lastKnownFileType = sourcecode.c.objc; path = main.m; sourceTree = "<group>"; };
		1A483D0522C17DAE002D0F32 /* ReleaseVerify_macos_objc.entitlements */ = {isa = PBXFileReference; lastKnownFileType = text.plist.entitlements; path = ReleaseVerify_macos_objc.entitlements; sourceTree = "<group>"; };
		1A483D0A22C17DAE002D0F32 /* ReleaseVerify-macos-objcTests.xctest */ = {isa = PBXFileReference; explicitFileType = wrapper.cfbundle; includeInIndex = 0; path = "ReleaseVerify-macos-objcTests.xctest"; sourceTree = BUILT_PRODUCTS_DIR; };
		1A483D1022C17DAE002D0F32 /* Info.plist */ = {isa = PBXFileReference; lastKnownFileType = text.plist.xml; path = Info.plist; sourceTree = "<group>"; };
		1A483D1922C17DD5002D0F32 /* BasicTest.m */ = {isa = PBXFileReference; fileEncoding = 4; lastKnownFileType = sourcecode.c.objc; name = BasicTest.m; path = ../../BasicTest.m; sourceTree = "<group>"; };
		1A483D1C22C17DF5002D0F32 /* CouchbaseLite.framework */ = {isa = PBXFileReference; lastKnownFileType = wrapper.framework; path = CouchbaseLite.framework; sourceTree = "<group>"; };
/* End PBXFileReference section */

/* Begin PBXFrameworksBuildPhase section */
		1A483CF122C17DAE002D0F32 /* Frameworks */ = {
			isa = PBXFrameworksBuildPhase;
			buildActionMask = 2147483647;
			files = (
				1A483D1E22C17E30002D0F32 /* CouchbaseLite.framework in Frameworks */,
			);
			runOnlyForDeploymentPostprocessing = 0;
		};
		1A483D0722C17DAE002D0F32 /* Frameworks */ = {
			isa = PBXFrameworksBuildPhase;
			buildActionMask = 2147483647;
			files = (
				1A483D1D22C17DF5002D0F32 /* CouchbaseLite.framework in Frameworks */,
			);
			runOnlyForDeploymentPostprocessing = 0;
		};
/* End PBXFrameworksBuildPhase section */

/* Begin PBXGroup section */
		1A483CEB22C17DAE002D0F32 = {
			isa = PBXGroup;
			children = (
				1A483D1B22C17DDF002D0F32 /* Frameworks */,
				1A483CF622C17DAE002D0F32 /* ReleaseVerify-macos-objc */,
				1A483D0D22C17DAE002D0F32 /* ReleaseVerify-macos-objcTests */,
				1A483CF522C17DAE002D0F32 /* Products */,
			);
			sourceTree = "<group>";
		};
		1A483CF522C17DAE002D0F32 /* Products */ = {
			isa = PBXGroup;
			children = (
				1A483CF422C17DAE002D0F32 /* ReleaseVerify-macos-objc.app */,
				1A483D0A22C17DAE002D0F32 /* ReleaseVerify-macos-objcTests.xctest */,
			);
			name = Products;
			sourceTree = "<group>";
		};
		1A483CF622C17DAE002D0F32 /* ReleaseVerify-macos-objc */ = {
			isa = PBXGroup;
			children = (
				1A483CF722C17DAE002D0F32 /* AppDelegate.h */,
				1A483CF822C17DAE002D0F32 /* AppDelegate.m */,
				1A483CFD22C17DAE002D0F32 /* Assets.xcassets */,
				1A483CFF22C17DAE002D0F32 /* Main.storyboard */,
				1A483D0222C17DAE002D0F32 /* Info.plist */,
				1A483D0322C17DAE002D0F32 /* main.m */,
				1A483D0522C17DAE002D0F32 /* ReleaseVerify_macos_objc.entitlements */,
			);
			path = "ReleaseVerify-macos-objc";
			sourceTree = "<group>";
		};
		1A483D0D22C17DAE002D0F32 /* ReleaseVerify-macos-objcTests */ = {
			isa = PBXGroup;
			children = (
				1A483D1922C17DD5002D0F32 /* BasicTest.m */,
				1A483D1022C17DAE002D0F32 /* Info.plist */,
			);
			path = "ReleaseVerify-macos-objcTests";
			sourceTree = "<group>";
		};
		1A483D1B22C17DDF002D0F32 /* Frameworks */ = {
			isa = PBXGroup;
			children = (
				1A483D1C22C17DF5002D0F32 /* CouchbaseLite.framework */,
			);
			path = Frameworks;
			sourceTree = "<group>";
		};
/* End PBXGroup section */

/* Begin PBXNativeTarget section */
		1A483CF322C17DAE002D0F32 /* ReleaseVerify-macos-objc */ = {
			isa = PBXNativeTarget;
			buildConfigurationList = 1A483D1322C17DAE002D0F32 /* Build configuration list for PBXNativeTarget "ReleaseVerify-macos-objc" */;
			buildPhases = (
				1A483CF022C17DAE002D0F32 /* Sources */,
				1A483CF122C17DAE002D0F32 /* Frameworks */,
				1A483CF222C17DAE002D0F32 /* Resources */,
				1A483D2022C17E30002D0F32 /* Embed Frameworks */,
			);
			buildRules = (
			);
			dependencies = (
			);
			name = "ReleaseVerify-macos-objc";
			productName = "ReleaseVerify-MacOS-ObjC";
			productReference = 1A483CF422C17DAE002D0F32 /* ReleaseVerify-macos-objc.app */;
			productType = "com.apple.product-type.application";
		};
		1A483D0922C17DAE002D0F32 /* ReleaseVerify-macos-objcTests */ = {
			isa = PBXNativeTarget;
			buildConfigurationList = 1A483D1622C17DAE002D0F32 /* Build configuration list for PBXNativeTarget "ReleaseVerify-macos-objcTests" */;
			buildPhases = (
				1A483D0622C17DAE002D0F32 /* Sources */,
				1A483D0722C17DAE002D0F32 /* Frameworks */,
				1A483D0822C17DAE002D0F32 /* Resources */,
			);
			buildRules = (
			);
			dependencies = (
				1A483D0C22C17DAE002D0F32 /* PBXTargetDependency */,
			);
			name = "ReleaseVerify-macos-objcTests";
			productName = "ReleaseVerify-MacOS-ObjCTests";
			productReference = 1A483D0A22C17DAE002D0F32 /* ReleaseVerify-macos-objcTests.xctest */;
			productType = "com.apple.product-type.bundle.unit-test";
		};
/* End PBXNativeTarget section */

/* Begin PBXProject section */
		1A483CEC22C17DAE002D0F32 /* Project object */ = {
			isa = PBXProject;
			attributes = {
				LastUpgradeCheck = 1020;
				ORGANIZATIONNAME = "Couchbase Inc";
				TargetAttributes = {
					1A483CF322C17DAE002D0F32 = {
						CreatedOnToolsVersion = 10.2.1;
					};
					1A483D0922C17DAE002D0F32 = {
						CreatedOnToolsVersion = 10.2.1;
						TestTargetID = 1A483CF322C17DAE002D0F32;
					};
				};
			};
			buildConfigurationList = 1A483CEF22C17DAE002D0F32 /* Build configuration list for PBXProject "ReleaseVerify-macos-objc" */;
			compatibilityVersion = "Xcode 9.3";
			developmentRegion = en;
			hasScannedForEncodings = 0;
			knownRegions = (
				en,
				Base,
			);
			mainGroup = 1A483CEB22C17DAE002D0F32;
			productRefGroup = 1A483CF522C17DAE002D0F32 /* Products */;
			projectDirPath = "";
			projectRoot = "";
			targets = (
				1A483CF322C17DAE002D0F32 /* ReleaseVerify-macos-objc */,
				1A483D0922C17DAE002D0F32 /* ReleaseVerify-macos-objcTests */,
			);
		};
/* End PBXProject section */

/* Begin PBXResourcesBuildPhase section */
		1A483CF222C17DAE002D0F32 /* Resources */ = {
			isa = PBXResourcesBuildPhase;
			buildActionMask = 2147483647;
			files = (
				1A483CFE22C17DAE002D0F32 /* Assets.xcassets in Resources */,
				1A483D0122C17DAE002D0F32 /* Main.storyboard in Resources */,
			);
			runOnlyForDeploymentPostprocessing = 0;
		};
		1A483D0822C17DAE002D0F32 /* Resources */ = {
			isa = PBXResourcesBuildPhase;
			buildActionMask = 2147483647;
			files = (
			);
			runOnlyForDeploymentPostprocessing = 0;
		};
/* End PBXResourcesBuildPhase section */

/* Begin PBXSourcesBuildPhase section */
		1A483CF022C17DAE002D0F32 /* Sources */ = {
			isa = PBXSourcesBuildPhase;
			buildActionMask = 2147483647;
			files = (
				1A483D0422C17DAE002D0F32 /* main.m in Sources */,
				1A483CF922C17DAE002D0F32 /* AppDelegate.m in Sources */,
			);
			runOnlyForDeploymentPostprocessing = 0;
		};
		1A483D0622C17DAE002D0F32 /* Sources */ = {
			isa = PBXSourcesBuildPhase;
			buildActionMask = 2147483647;
			files = (
				1A483D1A22C17DD5002D0F32 /* BasicTest.m in Sources */,
			);
			runOnlyForDeploymentPostprocessing = 0;
		};
/* End PBXSourcesBuildPhase section */

/* Begin PBXTargetDependency section */
		1A483D0C22C17DAE002D0F32 /* PBXTargetDependency */ = {
			isa = PBXTargetDependency;
			target = 1A483CF322C17DAE002D0F32 /* ReleaseVerify-macos-objc */;
			targetProxy = 1A483D0B22C17DAE002D0F32 /* PBXContainerItemProxy */;
		};
/* End PBXTargetDependency section */

/* Begin PBXVariantGroup section */
		1A483CFF22C17DAE002D0F32 /* Main.storyboard */ = {
			isa = PBXVariantGroup;
			children = (
				1A483D0022C17DAE002D0F32 /* Base */,
			);
			name = Main.storyboard;
			sourceTree = "<group>";
		};
/* End PBXVariantGroup section */

/* Begin XCBuildConfiguration section */
		1A483D1122C17DAE002D0F32 /* Debug */ = {
			isa = XCBuildConfiguration;
			buildSettings = {
				ALWAYS_SEARCH_USER_PATHS = NO;
				CLANG_ANALYZER_NONNULL = YES;
				CLANG_ANALYZER_NUMBER_OBJECT_CONVERSION = YES_AGGRESSIVE;
				CLANG_CXX_LANGUAGE_STANDARD = "gnu++14";
				CLANG_CXX_LIBRARY = "libc++";
				CLANG_ENABLE_MODULES = YES;
				CLANG_ENABLE_OBJC_ARC = YES;
				CLANG_ENABLE_OBJC_WEAK = YES;
				CLANG_WARN_BLOCK_CAPTURE_AUTORELEASING = YES;
				CLANG_WARN_BOOL_CONVERSION = YES;
				CLANG_WARN_COMMA = YES;
				CLANG_WARN_CONSTANT_CONVERSION = YES;
				CLANG_WARN_DEPRECATED_OBJC_IMPLEMENTATIONS = YES;
				CLANG_WARN_DIRECT_OBJC_ISA_USAGE = YES_ERROR;
				CLANG_WARN_DOCUMENTATION_COMMENTS = YES;
				CLANG_WARN_EMPTY_BODY = YES;
				CLANG_WARN_ENUM_CONVERSION = YES;
				CLANG_WARN_INFINITE_RECURSION = YES;
				CLANG_WARN_INT_CONVERSION = YES;
				CLANG_WARN_NON_LITERAL_NULL_CONVERSION = YES;
				CLANG_WARN_OBJC_IMPLICIT_RETAIN_SELF = YES;
				CLANG_WARN_OBJC_LITERAL_CONVERSION = YES;
				CLANG_WARN_OBJC_ROOT_CLASS = YES_ERROR;
				CLANG_WARN_RANGE_LOOP_ANALYSIS = YES;
				CLANG_WARN_STRICT_PROTOTYPES = YES;
				CLANG_WARN_SUSPICIOUS_MOVE = YES;
				CLANG_WARN_UNGUARDED_AVAILABILITY = YES_AGGRESSIVE;
				CLANG_WARN_UNREACHABLE_CODE = YES;
				CLANG_WARN__DUPLICATE_METHOD_MATCH = YES;
				CODE_SIGN_IDENTITY = "Mac Developer";
				COPY_PHASE_STRIP = NO;
				DEBUG_INFORMATION_FORMAT = dwarf;
				ENABLE_STRICT_OBJC_MSGSEND = YES;
				ENABLE_TESTABILITY = YES;
				FRAMEWORK_SEARCH_PATHS = "$(PROJECT_DIR)/Frameworks/**";
				GCC_C_LANGUAGE_STANDARD = gnu11;
				GCC_DYNAMIC_NO_PIC = NO;
				GCC_NO_COMMON_BLOCKS = YES;
				GCC_OPTIMIZATION_LEVEL = 0;
				GCC_PREPROCESSOR_DEFINITIONS = (
					"DEBUG=1",
					"$(inherited)",
				);
				GCC_WARN_64_TO_32_BIT_CONVERSION = YES;
				GCC_WARN_ABOUT_RETURN_TYPE = YES_ERROR;
				GCC_WARN_UNDECLARED_SELECTOR = YES;
				GCC_WARN_UNINITIALIZED_AUTOS = YES_AGGRESSIVE;
				GCC_WARN_UNUSED_FUNCTION = YES;
				GCC_WARN_UNUSED_VARIABLE = YES;
				MACOSX_DEPLOYMENT_TARGET = 10.14;
				MTL_ENABLE_DEBUG_INFO = INCLUDE_SOURCE;
				MTL_FAST_MATH = YES;
				ONLY_ACTIVE_ARCH = YES;
				SDKROOT = macosx;
			};
			name = Debug;
		};
		1A483D1222C17DAE002D0F32 /* Release */ = {
			isa = XCBuildConfiguration;
			buildSettings = {
				ALWAYS_SEARCH_USER_PATHS = NO;
				CLANG_ANALYZER_NONNULL = YES;
				CLANG_ANALYZER_NUMBER_OBJECT_CONVERSION = YES_AGGRESSIVE;
				CLANG_CXX_LANGUAGE_STANDARD = "gnu++14";
				CLANG_CXX_LIBRARY = "libc++";
				CLANG_ENABLE_MODULES = YES;
				CLANG_ENABLE_OBJC_ARC = YES;
				CLANG_ENABLE_OBJC_WEAK = YES;
				CLANG_WARN_BLOCK_CAPTURE_AUTORELEASING = YES;
				CLANG_WARN_BOOL_CONVERSION = YES;
				CLANG_WARN_COMMA = YES;
				CLANG_WARN_CONSTANT_CONVERSION = YES;
				CLANG_WARN_DEPRECATED_OBJC_IMPLEMENTATIONS = YES;
				CLANG_WARN_DIRECT_OBJC_ISA_USAGE = YES_ERROR;
				CLANG_WARN_DOCUMENTATION_COMMENTS = YES;
				CLANG_WARN_EMPTY_BODY = YES;
				CLANG_WARN_ENUM_CONVERSION = YES;
				CLANG_WARN_INFINITE_RECURSION = YES;
				CLANG_WARN_INT_CONVERSION = YES;
				CLANG_WARN_NON_LITERAL_NULL_CONVERSION = YES;
				CLANG_WARN_OBJC_IMPLICIT_RETAIN_SELF = YES;
				CLANG_WARN_OBJC_LITERAL_CONVERSION = YES;
				CLANG_WARN_OBJC_ROOT_CLASS = YES_ERROR;
				CLANG_WARN_RANGE_LOOP_ANALYSIS = YES;
				CLANG_WARN_STRICT_PROTOTYPES = YES;
				CLANG_WARN_SUSPICIOUS_MOVE = YES;
				CLANG_WARN_UNGUARDED_AVAILABILITY = YES_AGGRESSIVE;
				CLANG_WARN_UNREACHABLE_CODE = YES;
				CLANG_WARN__DUPLICATE_METHOD_MATCH = YES;
				CODE_SIGN_IDENTITY = "Mac Developer";
				COPY_PHASE_STRIP = NO;
				DEBUG_INFORMATION_FORMAT = "dwarf-with-dsym";
				ENABLE_NS_ASSERTIONS = NO;
				ENABLE_STRICT_OBJC_MSGSEND = YES;
				FRAMEWORK_SEARCH_PATHS = "$(PROJECT_DIR)/Frameworks/**";
				GCC_C_LANGUAGE_STANDARD = gnu11;
				GCC_NO_COMMON_BLOCKS = YES;
				GCC_WARN_64_TO_32_BIT_CONVERSION = YES;
				GCC_WARN_ABOUT_RETURN_TYPE = YES_ERROR;
				GCC_WARN_UNDECLARED_SELECTOR = YES;
				GCC_WARN_UNINITIALIZED_AUTOS = YES_AGGRESSIVE;
				GCC_WARN_UNUSED_FUNCTION = YES;
				GCC_WARN_UNUSED_VARIABLE = YES;
				MACOSX_DEPLOYMENT_TARGET = 10.14;
				MTL_ENABLE_DEBUG_INFO = NO;
				MTL_FAST_MATH = YES;
				SDKROOT = macosx;
			};
			name = Release;
		};
		1A483D1422C17DAE002D0F32 /* Debug */ = {
			isa = XCBuildConfiguration;
			buildSettings = {
				ASSETCATALOG_COMPILER_APPICON_NAME = AppIcon;
				CODE_SIGN_STYLE = Automatic;
				COMBINE_HIDPI_IMAGES = YES;
				DEVELOPMENT_TEAM = N2Q372V7W2;
				FRAMEWORK_SEARCH_PATHS = (
					"$(inherited)",
					"$(PROJECT_DIR)/Frameworks",
				);
				INFOPLIST_FILE = "ReleaseVerify-MacOS-ObjC/Info.plist";
				LD_RUNPATH_SEARCH_PATHS = (
					"$(inherited)",
					"@executable_path/../Frameworks",
				);
				PRODUCT_BUNDLE_IDENTIFIER = "com.couchbaselite.ReleaseVerify-macos-objc";
				PRODUCT_NAME = "$(TARGET_NAME)";
			};
			name = Debug;
		};
		1A483D1522C17DAE002D0F32 /* Release */ = {
			isa = XCBuildConfiguration;
			buildSettings = {
				ASSETCATALOG_COMPILER_APPICON_NAME = AppIcon;
				CODE_SIGN_STYLE = Automatic;
				COMBINE_HIDPI_IMAGES = YES;
				DEVELOPMENT_TEAM = N2Q372V7W2;
				FRAMEWORK_SEARCH_PATHS = (
					"$(inherited)",
					"$(PROJECT_DIR)/Frameworks",
				);
				INFOPLIST_FILE = "ReleaseVerify-MacOS-ObjC/Info.plist";
				LD_RUNPATH_SEARCH_PATHS = (
					"$(inherited)",
					"@executable_path/../Frameworks",
				);
				PRODUCT_BUNDLE_IDENTIFIER = "com.couchbaselite.ReleaseVerify-macos-objc";
				PRODUCT_NAME = "$(TARGET_NAME)";
			};
			name = Release;
		};
		1A483D1722C17DAE002D0F32 /* Debug */ = {
			isa = XCBuildConfiguration;
			buildSettings = {
				BUNDLE_LOADER = "$(TEST_HOST)";
				CODE_SIGN_STYLE = Automatic;
				COMBINE_HIDPI_IMAGES = YES;
				DEVELOPMENT_TEAM = N2Q372V7W2;
				FRAMEWORK_SEARCH_PATHS = "$(inherited)";
				INFOPLIST_FILE = "ReleaseVerify-macos-objcTests/Info.plist";
				LD_RUNPATH_SEARCH_PATHS = (
					"$(inherited)",
					"@executable_path/../Frameworks",
					"@loader_path/../Frameworks",
				);
				PRODUCT_BUNDLE_IDENTIFIER = "com.couchbaselite.ReleaseVerify-macos-objcTests";
				PRODUCT_NAME = "$(TARGET_NAME)";
				TEST_HOST = "$(BUILT_PRODUCTS_DIR)/ReleaseVerify-macos-objc.app/Contents/MacOS/ReleaseVerify-macos-objc";
			};
			name = Debug;
		};
		1A483D1822C17DAE002D0F32 /* Release */ = {
			isa = XCBuildConfiguration;
			buildSettings = {
				BUNDLE_LOADER = "$(TEST_HOST)";
				CODE_SIGN_STYLE = Automatic;
				COMBINE_HIDPI_IMAGES = YES;
				DEVELOPMENT_TEAM = N2Q372V7W2;
				FRAMEWORK_SEARCH_PATHS = "$(inherited)";
				INFOPLIST_FILE = "ReleaseVerify-macos-objcTests/Info.plist";
				LD_RUNPATH_SEARCH_PATHS = (
					"$(inherited)",
					"@executable_path/../Frameworks",
					"@loader_path/../Frameworks",
				);
				PRODUCT_BUNDLE_IDENTIFIER = "com.couchbaselite.ReleaseVerify-macos-objcTests";
				PRODUCT_NAME = "$(TARGET_NAME)";
				TEST_HOST = "$(BUILT_PRODUCTS_DIR)/ReleaseVerify-macos-objc.app/Contents/MacOS/ReleaseVerify-macos-objc";
			};
			name = Release;
		};
/* End XCBuildConfiguration section */

/* Begin XCConfigurationList section */
		1A483CEF22C17DAE002D0F32 /* Build configuration list for PBXProject "ReleaseVerify-macos-objc" */ = {
			isa = XCConfigurationList;
			buildConfigurations = (
				1A483D1122C17DAE002D0F32 /* Debug */,
				1A483D1222C17DAE002D0F32 /* Release */,
			);
			defaultConfigurationIsVisible = 0;
			defaultConfigurationName = Release;
		};
		1A483D1322C17DAE002D0F32 /* Build configuration list for PBXNativeTarget "ReleaseVerify-macos-objc" */ = {
			isa = XCConfigurationList;
			buildConfigurations = (
				1A483D1422C17DAE002D0F32 /* Debug */,
				1A483D1522C17DAE002D0F32 /* Release */,
			);
			defaultConfigurationIsVisible = 0;
			defaultConfigurationName = Release;
		};
		1A483D1622C17DAE002D0F32 /* Build configuration list for PBXNativeTarget "ReleaseVerify-macos-objcTests" */ = {
			isa = XCConfigurationList;
			buildConfigurations = (
				1A483D1722C17DAE002D0F32 /* Debug */,
				1A483D1822C17DAE002D0F32 /* Release */,
			);
			defaultConfigurationIsVisible = 0;
			defaultConfigurationName = Release;
		};
/* End XCConfigurationList section */
	};
	rootObject = 1A483CEC22C17DAE002D0F32 /* Project object */;
}
