// !$*UTF8*$!
{
	archiveVersion = 1;
	classes = {
	};
	objectVersion = 50;
	objects = {

/* Begin PBXBuildFile section */
		1A483C6422C16637002D0F32 /* AppDelegate.m in Sources */ = {isa = PBXBuildFile; fileRef = 1A483C6322C16637002D0F32 /* AppDelegate.m */; };
		1A483C6A22C16637002D0F32 /* Main.storyboard in Resources */ = {isa = PBXBuildFile; fileRef = 1A483C6822C16637002D0F32 /* Main.storyboard */; };
		1A483C6C22C16638002D0F32 /* Assets.xcassets in Resources */ = {isa = PBXBuildFile; fileRef = 1A483C6B22C16638002D0F32 /* Assets.xcassets */; };
		1A483C6F22C16638002D0F32 /* LaunchScreen.storyboard in Resources */ = {isa = PBXBuildFile; fileRef = 1A483C6D22C16638002D0F32 /* LaunchScreen.storyboard */; };
		1A483C7222C16638002D0F32 /* main.m in Sources */ = {isa = PBXBuildFile; fileRef = 1A483C7122C16638002D0F32 /* main.m */; };
		1A483C8822C166F7002D0F32 /* CouchbaseLite.framework in Frameworks */ = {isa = PBXBuildFile; fileRef = 1A483C8722C166F7002D0F32 /* CouchbaseLite.framework */; };
		1A483C8922C1670A002D0F32 /* CouchbaseLite.framework in Frameworks */ = {isa = PBXBuildFile; fileRef = 1A483C8722C166F7002D0F32 /* CouchbaseLite.framework */; };
		1A483C8A22C1670A002D0F32 /* CouchbaseLite.framework in Embed Frameworks */ = {isa = PBXBuildFile; fileRef = 1A483C8722C166F7002D0F32 /* CouchbaseLite.framework */; settings = {ATTRIBUTES = (CodeSignOnCopy, RemoveHeadersOnCopy, ); }; };
		1A483D8D22C18423002D0F32 /* BasicTest.m in Sources */ = {isa = PBXBuildFile; fileRef = 1A483D8C22C18423002D0F32 /* BasicTest.m */; };
/* End PBXBuildFile section */

/* Begin PBXContainerItemProxy section */
		1A483C7822C16638002D0F32 /* PBXContainerItemProxy */ = {
			isa = PBXContainerItemProxy;
			containerPortal = 1A483C5722C16637002D0F32 /* Project object */;
			proxyType = 1;
			remoteGlobalIDString = 1A483C5E22C16637002D0F32;
			remoteInfo = "ReleaseVerify-iOS-ObjC";
		};
/* End PBXContainerItemProxy section */

/* Begin PBXCopyFilesBuildPhase section */
		1A483C8B22C1670B002D0F32 /* Embed Frameworks */ = {
			isa = PBXCopyFilesBuildPhase;
			buildActionMask = 2147483647;
			dstPath = "";
			dstSubfolderSpec = 10;
			files = (
				1A483C8A22C1670A002D0F32 /* CouchbaseLite.framework in Embed Frameworks */,
			);
			name = "Embed Frameworks";
			runOnlyForDeploymentPostprocessing = 0;
		};
/* End PBXCopyFilesBuildPhase section */

/* Begin PBXFileReference section */
		1A483C5F22C16637002D0F32 /* ReleaseVerify-ios-objc.app */ = {isa = PBXFileReference; explicitFileType = wrapper.application; includeInIndex = 0; path = "ReleaseVerify-ios-objc.app"; sourceTree = BUILT_PRODUCTS_DIR; };
		1A483C6222C16637002D0F32 /* AppDelegate.h */ = {isa = PBXFileReference; lastKnownFileType = sourcecode.c.h; path = AppDelegate.h; sourceTree = "<group>"; };
		1A483C6322C16637002D0F32 /* AppDelegate.m */ = {isa = PBXFileReference; lastKnownFileType = sourcecode.c.objc; path = AppDelegate.m; sourceTree = "<group>"; };
		1A483C6922C16637002D0F32 /* Base */ = {isa = PBXFileReference; lastKnownFileType = file.storyboard; name = Base; path = Base.lproj/Main.storyboard; sourceTree = "<group>"; };
		1A483C6B22C16638002D0F32 /* Assets.xcassets */ = {isa = PBXFileReference; lastKnownFileType = folder.assetcatalog; path = Assets.xcassets; sourceTree = "<group>"; };
		1A483C6E22C16638002D0F32 /* Base */ = {isa = PBXFileReference; lastKnownFileType = file.storyboard; name = Base; path = Base.lproj/LaunchScreen.storyboard; sourceTree = "<group>"; };
		1A483C7022C16638002D0F32 /* Info.plist */ = {isa = PBXFileReference; lastKnownFileType = text.plist.xml; path = Info.plist; sourceTree = "<group>"; };
		1A483C7122C16638002D0F32 /* main.m */ = {isa = PBXFileReference; lastKnownFileType = sourcecode.c.objc; path = main.m; sourceTree = "<group>"; };
		1A483C7722C16638002D0F32 /* ReleaseVerify-ios-objcTests.xctest */ = {isa = PBXFileReference; explicitFileType = wrapper.cfbundle; includeInIndex = 0; path = "ReleaseVerify-ios-objcTests.xctest"; sourceTree = BUILT_PRODUCTS_DIR; };
		1A483C7D22C16638002D0F32 /* Info.plist */ = {isa = PBXFileReference; lastKnownFileType = text.plist.xml; path = Info.plist; sourceTree = "<group>"; };
		1A483C8722C166F7002D0F32 /* CouchbaseLite.framework */ = {isa = PBXFileReference; lastKnownFileType = wrapper.framework; path = CouchbaseLite.framework; sourceTree = "<group>"; };
		1A483D8C22C18423002D0F32 /* BasicTest.m */ = {isa = PBXFileReference; fileEncoding = 4; lastKnownFileType = sourcecode.c.objc; name = BasicTest.m; path = ../../BasicTest.m; sourceTree = "<group>"; };
/* End PBXFileReference section */

/* Begin PBXFrameworksBuildPhase section */
		1A483C5C22C16637002D0F32 /* Frameworks */ = {
			isa = PBXFrameworksBuildPhase;
			buildActionMask = 2147483647;
			files = (
				1A483C8922C1670A002D0F32 /* CouchbaseLite.framework in Frameworks */,
				1A483C8822C166F7002D0F32 /* CouchbaseLite.framework in Frameworks */,
			);
			runOnlyForDeploymentPostprocessing = 0;
		};
		1A483C7422C16638002D0F32 /* Frameworks */ = {
			isa = PBXFrameworksBuildPhase;
			buildActionMask = 2147483647;
			files = (
			);
			runOnlyForDeploymentPostprocessing = 0;
		};
/* End PBXFrameworksBuildPhase section */

/* Begin PBXGroup section */
		1A483C5622C16637002D0F32 = {
			isa = PBXGroup;
			children = (
				1A483C8622C166D8002D0F32 /* Frameworks */,
				1A483C6122C16637002D0F32 /* ReleaseVerify-ios-objc */,
				1A483C7A22C16638002D0F32 /* ReleaseVerify-ios-objcTests */,
				1A483C6022C16637002D0F32 /* Products */,
			);
			sourceTree = "<group>";
		};
		1A483C6022C16637002D0F32 /* Products */ = {
			isa = PBXGroup;
			children = (
				1A483C5F22C16637002D0F32 /* ReleaseVerify-ios-objc.app */,
				1A483C7722C16638002D0F32 /* ReleaseVerify-ios-objcTests.xctest */,
			);
			name = Products;
			sourceTree = "<group>";
		};
		1A483C6122C16637002D0F32 /* ReleaseVerify-ios-objc */ = {
			isa = PBXGroup;
			children = (
				1A483C6222C16637002D0F32 /* AppDelegate.h */,
				1A483C6322C16637002D0F32 /* AppDelegate.m */,
				1A483C6822C16637002D0F32 /* Main.storyboard */,
				1A483C6B22C16638002D0F32 /* Assets.xcassets */,
				1A483C6D22C16638002D0F32 /* LaunchScreen.storyboard */,
				1A483C7022C16638002D0F32 /* Info.plist */,
				1A483C7122C16638002D0F32 /* main.m */,
			);
			path = "ReleaseVerify-ios-objc";
			sourceTree = "<group>";
		};
		1A483C7A22C16638002D0F32 /* ReleaseVerify-ios-objcTests */ = {
			isa = PBXGroup;
			children = (
				1A483D8C22C18423002D0F32 /* BasicTest.m */,
				1A483C7D22C16638002D0F32 /* Info.plist */,
			);
			path = "ReleaseVerify-ios-objcTests";
			sourceTree = "<group>";
		};
		1A483C8622C166D8002D0F32 /* Frameworks */ = {
			isa = PBXGroup;
			children = (
				1A483C8722C166F7002D0F32 /* CouchbaseLite.framework */,
			);
			path = Frameworks;
			sourceTree = "<group>";
		};
/* End PBXGroup section */

/* Begin PBXNativeTarget section */
		1A483C5E22C16637002D0F32 /* ReleaseVerify-ios-objc */ = {
			isa = PBXNativeTarget;
			buildConfigurationList = 1A483C8022C16638002D0F32 /* Build configuration list for PBXNativeTarget "ReleaseVerify-ios-objc" */;
			buildPhases = (
				1A483C5B22C16637002D0F32 /* Sources */,
				1A483C5C22C16637002D0F32 /* Frameworks */,
				1A483C5D22C16637002D0F32 /* Resources */,
				1A483C8B22C1670B002D0F32 /* Embed Frameworks */,
			);
			buildRules = (
			);
			dependencies = (
			);
			name = "ReleaseVerify-ios-objc";
			productName = "ReleaseVerify-iOS-ObjC";
			productReference = 1A483C5F22C16637002D0F32 /* ReleaseVerify-ios-objc.app */;
			productType = "com.apple.product-type.application";
		};
		1A483C7622C16638002D0F32 /* ReleaseVerify-ios-objcTests */ = {
			isa = PBXNativeTarget;
			buildConfigurationList = 1A483C8322C16638002D0F32 /* Build configuration list for PBXNativeTarget "ReleaseVerify-ios-objcTests" */;
			buildPhases = (
				1A483C7322C16638002D0F32 /* Sources */,
				1A483C7422C16638002D0F32 /* Frameworks */,
				1A483C7522C16638002D0F32 /* Resources */,
			);
			buildRules = (
			);
			dependencies = (
				1A483C7922C16638002D0F32 /* PBXTargetDependency */,
			);
			name = "ReleaseVerify-ios-objcTests";
			productName = "ReleaseVerify-iOS-ObjCTests";
			productReference = 1A483C7722C16638002D0F32 /* ReleaseVerify-ios-objcTests.xctest */;
			productType = "com.apple.product-type.bundle.unit-test";
		};
/* End PBXNativeTarget section */

/* Begin PBXProject section */
		1A483C5722C16637002D0F32 /* Project object */ = {
			isa = PBXProject;
			attributes = {
				LastUpgradeCheck = 1020;
				ORGANIZATIONNAME = "Couchbase Inc";
				TargetAttributes = {
					1A483C5E22C16637002D0F32 = {
						CreatedOnToolsVersion = 10.2.1;
					};
					1A483C7622C16638002D0F32 = {
						CreatedOnToolsVersion = 10.2.1;
						TestTargetID = 1A483C5E22C16637002D0F32;
					};
				};
			};
			buildConfigurationList = 1A483C5A22C16637002D0F32 /* Build configuration list for PBXProject "ReleaseVerify-ios-objc" */;
			compatibilityVersion = "Xcode 9.3";
			developmentRegion = en;
			hasScannedForEncodings = 0;
			knownRegions = (
				en,
				Base,
			);
			mainGroup = 1A483C5622C16637002D0F32;
			productRefGroup = 1A483C6022C16637002D0F32 /* Products */;
			projectDirPath = "";
			projectRoot = "";
			targets = (
				1A483C5E22C16637002D0F32 /* ReleaseVerify-ios-objc */,
				1A483C7622C16638002D0F32 /* ReleaseVerify-ios-objcTests */,
			);
		};
/* End PBXProject section */

/* Begin PBXResourcesBuildPhase section */
		1A483C5D22C16637002D0F32 /* Resources */ = {
			isa = PBXResourcesBuildPhase;
			buildActionMask = 2147483647;
			files = (
				1A483C6F22C16638002D0F32 /* LaunchScreen.storyboard in Resources */,
				1A483C6C22C16638002D0F32 /* Assets.xcassets in Resources */,
				1A483C6A22C16637002D0F32 /* Main.storyboard in Resources */,
			);
			runOnlyForDeploymentPostprocessing = 0;
		};
		1A483C7522C16638002D0F32 /* Resources */ = {
			isa = PBXResourcesBuildPhase;
			buildActionMask = 2147483647;
			files = (
			);
			runOnlyForDeploymentPostprocessing = 0;
		};
/* End PBXResourcesBuildPhase section */

/* Begin PBXSourcesBuildPhase section */
		1A483C5B22C16637002D0F32 /* Sources */ = {
			isa = PBXSourcesBuildPhase;
			buildActionMask = 2147483647;
			files = (
				1A483C7222C16638002D0F32 /* main.m in Sources */,
				1A483C6422C16637002D0F32 /* AppDelegate.m in Sources */,
			);
			runOnlyForDeploymentPostprocessing = 0;
		};
		1A483C7322C16638002D0F32 /* Sources */ = {
			isa = PBXSourcesBuildPhase;
			buildActionMask = 2147483647;
			files = (
				1A483D8D22C18423002D0F32 /* BasicTest.m in Sources */,
			);
			runOnlyForDeploymentPostprocessing = 0;
		};
/* End PBXSourcesBuildPhase section */

/* Begin PBXTargetDependency section */
		1A483C7922C16638002D0F32 /* PBXTargetDependency */ = {
			isa = PBXTargetDependency;
			target = 1A483C5E22C16637002D0F32 /* ReleaseVerify-ios-objc */;
			targetProxy = 1A483C7822C16638002D0F32 /* PBXContainerItemProxy */;
		};
/* End PBXTargetDependency section */

/* Begin PBXVariantGroup section */
		1A483C6822C16637002D0F32 /* Main.storyboard */ = {
			isa = PBXVariantGroup;
			children = (
				1A483C6922C16637002D0F32 /* Base */,
			);
			name = Main.storyboard;
			sourceTree = "<group>";
		};
		1A483C6D22C16638002D0F32 /* LaunchScreen.storyboard */ = {
			isa = PBXVariantGroup;
			children = (
				1A483C6E22C16638002D0F32 /* Base */,
			);
			name = LaunchScreen.storyboard;
			sourceTree = "<group>";
		};
/* End PBXVariantGroup section */

/* Begin XCBuildConfiguration section */
		1A483C7E22C16638002D0F32 /* Debug */ = {
			isa = XCBuildConfiguration;
			buildSettings = {
				ALWAYS_SEARCH_USER_PATHS = NO;
				CLANG_ANALYZER_NONNULL = YES;
				CLANG_ANALYZER_NUMBER_OBJECT_CONVERSION = YES_AGGRESSIVE;
				CLANG_CXX_LANGUAGE_STANDARD = "gnu++14";
				CLANG_CXX_LIBRARY = "libc++";
				CLANG_ENABLE_MODULES = YES;
				CLANG_ENABLE_OBJC_ARC = YES;
				CLANG_ENABLE_OBJC_WEAK = YES;
				CLANG_WARN_BLOCK_CAPTURE_AUTORELEASING = YES;
				CLANG_WARN_BOOL_CONVERSION = YES;
				CLANG_WARN_COMMA = YES;
				CLANG_WARN_CONSTANT_CONVERSION = YES;
				CLANG_WARN_DEPRECATED_OBJC_IMPLEMENTATIONS = YES;
				CLANG_WARN_DIRECT_OBJC_ISA_USAGE = YES_ERROR;
				CLANG_WARN_DOCUMENTATION_COMMENTS = YES;
				CLANG_WARN_EMPTY_BODY = YES;
				CLANG_WARN_ENUM_CONVERSION = YES;
				CLANG_WARN_INFINITE_RECURSION = YES;
				CLANG_WARN_INT_CONVERSION = YES;
				CLANG_WARN_NON_LITERAL_NULL_CONVERSION = YES;
				CLANG_WARN_OBJC_IMPLICIT_RETAIN_SELF = YES;
				CLANG_WARN_OBJC_LITERAL_CONVERSION = YES;
				CLANG_WARN_OBJC_ROOT_CLASS = YES_ERROR;
				CLANG_WARN_RANGE_LOOP_ANALYSIS = YES;
				CLANG_WARN_STRICT_PROTOTYPES = YES;
				CLANG_WARN_SUSPICIOUS_MOVE = YES;
				CLANG_WARN_UNGUARDED_AVAILABILITY = YES_AGGRESSIVE;
				CLANG_WARN_UNREACHABLE_CODE = YES;
				CLANG_WARN__DUPLICATE_METHOD_MATCH = YES;
				CODE_SIGN_IDENTITY = "iPhone Developer";
				COPY_PHASE_STRIP = NO;
				DEBUG_INFORMATION_FORMAT = dwarf;
				ENABLE_STRICT_OBJC_MSGSEND = YES;
				ENABLE_TESTABILITY = YES;
				FRAMEWORK_SEARCH_PATHS = "$(PROJECT_DIR)/Frameworks/**";
				GCC_C_LANGUAGE_STANDARD = gnu11;
				GCC_DYNAMIC_NO_PIC = NO;
				GCC_NO_COMMON_BLOCKS = YES;
				GCC_OPTIMIZATION_LEVEL = 0;
				GCC_PREPROCESSOR_DEFINITIONS = (
					"DEBUG=1",
					"$(inherited)",
				);
				GCC_WARN_64_TO_32_BIT_CONVERSION = YES;
				GCC_WARN_ABOUT_RETURN_TYPE = YES_ERROR;
				GCC_WARN_UNDECLARED_SELECTOR = YES;
				GCC_WARN_UNINITIALIZED_AUTOS = YES_AGGRESSIVE;
				GCC_WARN_UNUSED_FUNCTION = YES;
				GCC_WARN_UNUSED_VARIABLE = YES;
				IPHONEOS_DEPLOYMENT_TARGET = 12.2;
				MTL_ENABLE_DEBUG_INFO = INCLUDE_SOURCE;
				MTL_FAST_MATH = YES;
				ONLY_ACTIVE_ARCH = YES;
				SDKROOT = iphoneos;
			};
			name = Debug;
		};
		1A483C7F22C16638002D0F32 /* Release */ = {
			isa = XCBuildConfiguration;
			buildSettings = {
				ALWAYS_SEARCH_USER_PATHS = NO;
				CLANG_ANALYZER_NONNULL = YES;
				CLANG_ANALYZER_NUMBER_OBJECT_CONVERSION = YES_AGGRESSIVE;
				CLANG_CXX_LANGUAGE_STANDARD = "gnu++14";
				CLANG_CXX_LIBRARY = "libc++";
				CLANG_ENABLE_MODULES = YES;
				CLANG_ENABLE_OBJC_ARC = YES;
				CLANG_ENABLE_OBJC_WEAK = YES;
				CLANG_WARN_BLOCK_CAPTURE_AUTORELEASING = YES;
				CLANG_WARN_BOOL_CONVERSION = YES;
				CLANG_WARN_COMMA = YES;
				CLANG_WARN_CONSTANT_CONVERSION = YES;
				CLANG_WARN_DEPRECATED_OBJC_IMPLEMENTATIONS = YES;
				CLANG_WARN_DIRECT_OBJC_ISA_USAGE = YES_ERROR;
				CLANG_WARN_DOCUMENTATION_COMMENTS = YES;
				CLANG_WARN_EMPTY_BODY = YES;
				CLANG_WARN_ENUM_CONVERSION = YES;
				CLANG_WARN_INFINITE_RECURSION = YES;
				CLANG_WARN_INT_CONVERSION = YES;
				CLANG_WARN_NON_LITERAL_NULL_CONVERSION = YES;
				CLANG_WARN_OBJC_IMPLICIT_RETAIN_SELF = YES;
				CLANG_WARN_OBJC_LITERAL_CONVERSION = YES;
				CLANG_WARN_OBJC_ROOT_CLASS = YES_ERROR;
				CLANG_WARN_RANGE_LOOP_ANALYSIS = YES;
				CLANG_WARN_STRICT_PROTOTYPES = YES;
				CLANG_WARN_SUSPICIOUS_MOVE = YES;
				CLANG_WARN_UNGUARDED_AVAILABILITY = YES_AGGRESSIVE;
				CLANG_WARN_UNREACHABLE_CODE = YES;
				CLANG_WARN__DUPLICATE_METHOD_MATCH = YES;
				CODE_SIGN_IDENTITY = "iPhone Developer";
				COPY_PHASE_STRIP = NO;
				DEBUG_INFORMATION_FORMAT = "dwarf-with-dsym";
				ENABLE_NS_ASSERTIONS = NO;
				ENABLE_STRICT_OBJC_MSGSEND = YES;
				FRAMEWORK_SEARCH_PATHS = "$(PROJECT_DIR)/Frameworks/**";
				GCC_C_LANGUAGE_STANDARD = gnu11;
				GCC_NO_COMMON_BLOCKS = YES;
				GCC_WARN_64_TO_32_BIT_CONVERSION = YES;
				GCC_WARN_ABOUT_RETURN_TYPE = YES_ERROR;
				GCC_WARN_UNDECLARED_SELECTOR = YES;
				GCC_WARN_UNINITIALIZED_AUTOS = YES_AGGRESSIVE;
				GCC_WARN_UNUSED_FUNCTION = YES;
				GCC_WARN_UNUSED_VARIABLE = YES;
				IPHONEOS_DEPLOYMENT_TARGET = 12.2;
				MTL_ENABLE_DEBUG_INFO = NO;
				MTL_FAST_MATH = YES;
				SDKROOT = iphoneos;
				VALIDATE_PRODUCT = YES;
			};
			name = Release;
		};
		1A483C8122C16638002D0F32 /* Debug */ = {
			isa = XCBuildConfiguration;
			buildSettings = {
				ASSETCATALOG_COMPILER_APPICON_NAME = AppIcon;
				CODE_SIGN_STYLE = Automatic;
				DEVELOPMENT_TEAM = N2Q372V7W2;
				FRAMEWORK_SEARCH_PATHS = "$(inherited)";
				INFOPLIST_FILE = "ReleaseVerify-ios-objc/Info.plist";
				LD_RUNPATH_SEARCH_PATHS = (
					"$(inherited)",
					"@executable_path/Frameworks",
				);
				PRODUCT_BUNDLE_IDENTIFIER = "com.couchbaselite.ReleaseVerify-ios-objc";
				PRODUCT_NAME = "$(TARGET_NAME)";
				TARGETED_DEVICE_FAMILY = "1,2";
			};
			name = Debug;
		};
		1A483C8222C16638002D0F32 /* Release */ = {
			isa = XCBuildConfiguration;
			buildSettings = {
				ASSETCATALOG_COMPILER_APPICON_NAME = AppIcon;
				CODE_SIGN_STYLE = Automatic;
				DEVELOPMENT_TEAM = N2Q372V7W2;
				FRAMEWORK_SEARCH_PATHS = "$(inherited)";
				INFOPLIST_FILE = "ReleaseVerify-ios-objc/Info.plist";
				LD_RUNPATH_SEARCH_PATHS = (
					"$(inherited)",
					"@executable_path/Frameworks",
				);
				PRODUCT_BUNDLE_IDENTIFIER = "com.couchbaselite.ReleaseVerify-ios-objc";
				PRODUCT_NAME = "$(TARGET_NAME)";
				TARGETED_DEVICE_FAMILY = "1,2";
			};
			name = Release;
		};
		1A483C8422C16638002D0F32 /* Debug */ = {
			isa = XCBuildConfiguration;
			buildSettings = {
				BUNDLE_LOADER = "$(TEST_HOST)";
				CODE_SIGN_STYLE = Automatic;
				DEVELOPMENT_TEAM = N2Q372V7W2;
				INFOPLIST_FILE = "ReleaseVerify-ios-objcTests/Info.plist";
				LD_RUNPATH_SEARCH_PATHS = (
					"$(inherited)",
					"@executable_path/Frameworks",
					"@loader_path/Frameworks",
				);
				PRODUCT_BUNDLE_IDENTIFIER = "com.couchbaselite.ReleaseVerify-ios-objcTests";
				PRODUCT_NAME = "$(TARGET_NAME)";
				TARGETED_DEVICE_FAMILY = "1,2";
				TEST_HOST = "$(BUILT_PRODUCTS_DIR)/ReleaseVerify-ios-objc.app/ReleaseVerify-ios-objc";
			};
			name = Debug;
		};
		1A483C8522C16638002D0F32 /* Release */ = {
			isa = XCBuildConfiguration;
			buildSettings = {
				BUNDLE_LOADER = "$(TEST_HOST)";
				CODE_SIGN_STYLE = Automatic;
				DEVELOPMENT_TEAM = N2Q372V7W2;
				INFOPLIST_FILE = "ReleaseVerify-ios-objcTests/Info.plist";
				LD_RUNPATH_SEARCH_PATHS = (
					"$(inherited)",
					"@executable_path/Frameworks",
					"@loader_path/Frameworks",
				);
				PRODUCT_BUNDLE_IDENTIFIER = "com.couchbaselite.ReleaseVerify-ios-objcTests";
				PRODUCT_NAME = "$(TARGET_NAME)";
				TARGETED_DEVICE_FAMILY = "1,2";
				TEST_HOST = "$(BUILT_PRODUCTS_DIR)/ReleaseVerify-ios-objc.app/ReleaseVerify-ios-objc";
			};
			name = Release;
		};
/* End XCBuildConfiguration section */

/* Begin XCConfigurationList section */
		1A483C5A22C16637002D0F32 /* Build configuration list for PBXProject "ReleaseVerify-ios-objc" */ = {
			isa = XCConfigurationList;
			buildConfigurations = (
				1A483C7E22C16638002D0F32 /* Debug */,
				1A483C7F22C16638002D0F32 /* Release */,
			);
			defaultConfigurationIsVisible = 0;
			defaultConfigurationName = Release;
		};
		1A483C8022C16638002D0F32 /* Build configuration list for PBXNativeTarget "ReleaseVerify-ios-objc" */ = {
			isa = XCConfigurationList;
			buildConfigurations = (
				1A483C8122C16638002D0F32 /* Debug */,
				1A483C8222C16638002D0F32 /* Release */,
			);
			defaultConfigurationIsVisible = 0;
			defaultConfigurationName = Release;
		};
		1A483C8322C16638002D0F32 /* Build configuration list for PBXNativeTarget "ReleaseVerify-ios-objcTests" */ = {
			isa = XCConfigurationList;
			buildConfigurations = (
				1A483C8422C16638002D0F32 /* Debug */,
				1A483C8522C16638002D0F32 /* Release */,
			);
			defaultConfigurationIsVisible = 0;
			defaultConfigurationName = Release;
		};
/* End XCConfigurationList section */
	};
	rootObject = 1A483C5722C16637002D0F32 /* Project object */;
}
